
Microsoft Visual Studio Solution File, Format Version 12.00
# Visual Studio Version 16
VisualStudioVersion = 25.0.1700.0
MinimumVisualStudioVersion = 10.0.40219.1
Project("{FAE04EC0-301F-11D3-BF4B-00C04F79EFBC}") = "UniqueFileGenerator", "UniqueFileGenerator\UniqueFileGenerator.csproj", "{5494B33D-7C3C-422A-B29C-D1A65C41FE9E}"
EndProject
Global
	GlobalSection(SolutionConfigurationPlatforms) = preSolution
		Debug|Any CPU = Debug|Any CPU
		Release|Any CPU = Release|Any CPU
	EndGlobalSection
	GlobalSection(ProjectConfigurationPlatforms) = postSolution
		{5494B33D-7C3C-422A-B29C-D1A65C41FE9E}.Debug|Any CPU.ActiveCfg = Debug|Any CPU
		{5494B33D-7C3C-422A-B29C-D1A65C41FE9E}.Debug|Any CPU.Build.0 = Debug|Any CPU
		{5494B33D-7C3C-422A-B29C-D1A65C41FE9E}.Release|Any CPU.ActiveCfg = Release|Any CPU
		{5494B33D-7C3C-422A-B29C-D1A65C41FE9E}.Release|Any CPU.Build.0 = Release|Any CPU
	EndGlobalSection
	GlobalSection(SolutionProperties) = preSolution
		HideSolutionNode = FALSE
	EndGlobalSection
	GlobalSection(ExtensibilityGlobals) = postSolution
		SolutionGuid = {E90C5A23-0B19-458A-A8B1-DD2EB255FDED}
	EndGlobalSection
EndGlobal
